
Microsoft Visual Studio Solution File, Format Version 12.00
# Visual Studio Version 16
VisualStudioVersion = 25.0.1704.4
MinimumVisualStudioVersion = 10.0.40219.1
Project("{FAE04EC0-301F-11D3-BF4B-00C04F79EFBC}") = "TheGameOf31", "TheGameOf31\TheGameOf31.csproj", "{1674C036-9503-4AE0-87A8-765AD427CF39}"
EndProject
Global
	GlobalSection(SolutionConfigurationPlatforms) = preSolution
		Debug|Any CPU = Debug|Any CPU
		Release|Any CPU = Release|Any CPU
	EndGlobalSection
	GlobalSection(ProjectConfigurationPlatforms) = postSolution
		{1674C036-9503-4AE0-87A8-765AD427CF39}.Debug|Any CPU.ActiveCfg = Debug|Any CPU
		{1674C036-9503-4AE0-87A8-765AD427CF39}.Debug|Any CPU.Build.0 = Debug|Any CPU
		{1674C036-9503-4AE0-87A8-765AD427CF39}.Release|Any CPU.ActiveCfg = Release|Any CPU
		{1674C036-9503-4AE0-87A8-765AD427CF39}.Release|Any CPU.Build.0 = Release|Any CPU
	EndGlobalSection
	GlobalSection(SolutionProperties) = preSolution
		HideSolutionNode = FALSE
	EndGlobalSection
	GlobalSection(ExtensibilityGlobals) = postSolution
		SolutionGuid = {A5563681-4C5F-470F-AE7C-5FAB91A85F62}
	EndGlobalSection
EndGlobal
